
Microsoft Visual Studio Solution File, Format Version 12.00
# Visual Studio Version 17
VisualStudioVersion = 17.11.35222.181
MinimumVisualStudioVersion = 10.0.40219.1
Project("{FAE04EC0-301F-11D3-BF4B-00C04F79EFBC}") = "PacificTest", "PacificTest.csproj", "{299EE687-51AC-4102-B1FC-154475435613}"
EndProject
Project("{FAE04EC0-301F-11D3-BF4B-00C04F79EFBC}") = "PacificTest.Tests", "..\PacificTest.Tests\PacificTest.Tests.csproj", "{7F68CE68-450F-4359-9797-220B3D5DD045}"
EndProject
Global
	GlobalSection(SolutionConfigurationPlatforms) = preSolution
		Debug|Any CPU = Debug|Any CPU
		Release|Any CPU = Release|Any CPU
	EndGlobalSection
	GlobalSection(ProjectConfigurationPlatforms) = postSolution
		{299EE687-51AC-4102-B1FC-154475435613}.Debug|Any CPU.ActiveCfg = Debug|Any CPU
		{299EE687-51AC-4102-B1FC-154475435613}.Debug|Any CPU.Build.0 = Debug|Any CPU
		{299EE687-51AC-4102-B1FC-154475435613}.Release|Any CPU.ActiveCfg = Release|Any CPU
		{299EE687-51AC-4102-B1FC-154475435613}.Release|Any CPU.Build.0 = Release|Any CPU
		{7F68CE68-450F-4359-9797-220B3D5DD045}.Debug|Any CPU.ActiveCfg = Debug|Any CPU
		{7F68CE68-450F-4359-9797-220B3D5DD045}.Debug|Any CPU.Build.0 = Debug|Any CPU
		{7F68CE68-450F-4359-9797-220B3D5DD045}.Release|Any CPU.ActiveCfg = Release|Any CPU
		{7F68CE68-450F-4359-9797-220B3D5DD045}.Release|Any CPU.Build.0 = Release|Any CPU
	EndGlobalSection
	GlobalSection(SolutionProperties) = preSolution
		HideSolutionNode = FALSE
	EndGlobalSection
	GlobalSection(ExtensibilityGlobals) = postSolution
		SolutionGuid = {277A25B5-DD64-42E0-B520-FF7F3E5336CF}
	EndGlobalSection
EndGlobal
